
Microsoft Visual Studio Solution File, Format Version 12.00
# Visual Studio Version 17
VisualStudioVersion = 17.7.34031.279
MinimumVisualStudioVersion = 10.0.40219.1
Project("{FAE04EC0-301F-11D3-BF4B-00C04F79EFBC}") = "TurnUpAutoNemo", "TurnUpAutoNemo.csproj", "{2E09CD08-9DEB-402B-80C3-63301DF775FB}"
EndProject
Global
	GlobalSection(SolutionConfigurationPlatforms) = preSolution
		Debug|Any CPU = Debug|Any CPU
		Release|Any CPU = Release|Any CPU
	EndGlobalSection
	GlobalSection(ProjectConfigurationPlatforms) = postSolution
		{2E09CD08-9DEB-402B-80C3-63301DF775FB}.Debug|Any CPU.ActiveCfg = Debug|Any CPU
		{2E09CD08-9DEB-402B-80C3-63301DF775FB}.Debug|Any CPU.Build.0 = Debug|Any CPU
		{2E09CD08-9DEB-402B-80C3-63301DF775FB}.Release|Any CPU.ActiveCfg = Release|Any CPU
		{2E09CD08-9DEB-402B-80C3-63301DF775FB}.Release|Any CPU.Build.0 = Release|Any CPU
	EndGlobalSection
	GlobalSection(SolutionProperties) = preSolution
		HideSolutionNode = FALSE
	EndGlobalSection
	GlobalSection(ExtensibilityGlobals) = postSolution
		SolutionGuid = {E74AE55A-83D8-4145-A089-FF01C5DB2744}
	EndGlobalSection
EndGlobal
